
Microsoft Visual Studio Solution File, Format Version 12.00
# Visual Studio 15
VisualStudioVersion = 15.0.27703.2026
MinimumVisualStudioVersion = 10.0.40219.1
Project("{9A19103F-16F7-4668-BE54-9A1E7A4F7556}") = "NetCoreMvc", "NetCoreMvc.csproj", "{EFCFA2F6-DB33-4D98-A0D3-A054865F55FC}"
EndProject
Project("{E53339B2-1760-4266-BCC7-CA923CBCF16C}") = "docker-compose", "docker-compose.dcproj", "{59857E16-9480-48BC-8CCD-4E18A829489E}"
EndProject
Global
	GlobalSection(SolutionConfigurationPlatforms) = preSolution
		Debug|Any CPU = Debug|Any CPU
		Release|Any CPU = Release|Any CPU
	EndGlobalSection
	GlobalSection(ProjectConfigurationPlatforms) = postSolution
		{EFCFA2F6-DB33-4D98-A0D3-A054865F55FC}.Debug|Any CPU.ActiveCfg = Debug|Any CPU
		{EFCFA2F6-DB33-4D98-A0D3-A054865F55FC}.Debug|Any CPU.Build.0 = Debug|Any CPU
		{EFCFA2F6-DB33-4D98-A0D3-A054865F55FC}.Release|Any CPU.ActiveCfg = Release|Any CPU
		{EFCFA2F6-DB33-4D98-A0D3-A054865F55FC}.Release|Any CPU.Build.0 = Release|Any CPU
		{59857E16-9480-48BC-8CCD-4E18A829489E}.Debug|Any CPU.ActiveCfg = Debug|Any CPU
		{59857E16-9480-48BC-8CCD-4E18A829489E}.Debug|Any CPU.Build.0 = Debug|Any CPU
		{59857E16-9480-48BC-8CCD-4E18A829489E}.Release|Any CPU.ActiveCfg = Release|Any CPU
		{59857E16-9480-48BC-8CCD-4E18A829489E}.Release|Any CPU.Build.0 = Release|Any CPU
	EndGlobalSection
	GlobalSection(SolutionProperties) = preSolution
		HideSolutionNode = FALSE
	EndGlobalSection
	GlobalSection(ExtensibilityGlobals) = postSolution
		SolutionGuid = {C952DAAA-4DE1-4274-ABD0-841C2A005104}
	EndGlobalSection
EndGlobal
